
Microsoft Visual Studio Solution File, Format Version 12.00
# Visual Studio Version 17
VisualStudioVersion = 17.0.32014.148
MinimumVisualStudioVersion = 10.0.40219.1
Project("{FAE04EC0-301F-11D3-BF4B-00C04F79EFBC}") = "MyBudget", "MyBudget\MyBudget.csproj", "{48B6E7D3-1701-4D96-A486-1D99012801D8}"
EndProject
Global
	GlobalSection(SolutionConfigurationPlatforms) = preSolution
		Debug|Any CPU = Debug|Any CPU
		Release|Any CPU = Release|Any CPU
	EndGlobalSection
	GlobalSection(ProjectConfigurationPlatforms) = postSolution
		{48B6E7D3-1701-4D96-A486-1D99012801D8}.Debug|Any CPU.ActiveCfg = Debug|Any CPU
		{48B6E7D3-1701-4D96-A486-1D99012801D8}.Debug|Any CPU.Build.0 = Debug|Any CPU
		{48B6E7D3-1701-4D96-A486-1D99012801D8}.Release|Any CPU.ActiveCfg = Release|Any CPU
		{48B6E7D3-1701-4D96-A486-1D99012801D8}.Release|Any CPU.Build.0 = Release|Any CPU
	EndGlobalSection
	GlobalSection(SolutionProperties) = preSolution
		HideSolutionNode = FALSE
	EndGlobalSection
	GlobalSection(ExtensibilityGlobals) = postSolution
		SolutionGuid = {7ED21D9B-0EAA-41FE-9C49-C3F85BABC69C}
	EndGlobalSection
EndGlobal
